
Microsoft Visual Studio Solution File, Format Version 11.00
# Visual Studio 2010
Project("{FAE04EC0-301F-11D3-BF4B-00C04F79EFBC}") = "icoop_webapp", "icoop_webapp\icoop_webapp.csproj", "{9639AE4A-9649-45F0-A355-8C7E32EB10D3}"
EndProject
Global
	GlobalSection(SolutionConfigurationPlatforms) = preSolution
		Debug|Any CPU = Debug|Any CPU
		Release|Any CPU = Release|Any CPU
	EndGlobalSection
	GlobalSection(ProjectConfigurationPlatforms) = postSolution
		{9639AE4A-9649-45F0-A355-8C7E32EB10D3}.Debug|Any CPU.ActiveCfg = Debug|Any CPU
		{9639AE4A-9649-45F0-A355-8C7E32EB10D3}.Debug|Any CPU.Build.0 = Debug|Any CPU
		{9639AE4A-9649-45F0-A355-8C7E32EB10D3}.Release|Any CPU.ActiveCfg = Release|Any CPU
		{9639AE4A-9649-45F0-A355-8C7E32EB10D3}.Release|Any CPU.Build.0 = Release|Any CPU
	EndGlobalSection
	GlobalSection(SolutionProperties) = preSolution
		HideSolutionNode = FALSE
	EndGlobalSection
EndGlobal
